
Microsoft Visual Studio Solution File, Format Version 12.00
# Visual Studio Version 17
VisualStudioVersion = 17.6.33927.249
MinimumVisualStudioVersion = 10.0.40219.1
Project("{FAE04EC0-301F-11D3-BF4B-00C04F79EFBC}") = "BookStore.Book", "BookStore.Book.csproj", "{954150EF-B475-4253-B783-C636D6FC3BA1}"
EndProject
Global
	GlobalSection(SolutionConfigurationPlatforms) = preSolution
		Debug|Any CPU = Debug|Any CPU
		Release|Any CPU = Release|Any CPU
	EndGlobalSection
	GlobalSection(ProjectConfigurationPlatforms) = postSolution
		{954150EF-B475-4253-B783-C636D6FC3BA1}.Debug|Any CPU.ActiveCfg = Debug|Any CPU
		{954150EF-B475-4253-B783-C636D6FC3BA1}.Debug|Any CPU.Build.0 = Debug|Any CPU
		{954150EF-B475-4253-B783-C636D6FC3BA1}.Release|Any CPU.ActiveCfg = Release|Any CPU
		{954150EF-B475-4253-B783-C636D6FC3BA1}.Release|Any CPU.Build.0 = Release|Any CPU
	EndGlobalSection
	GlobalSection(SolutionProperties) = preSolution
		HideSolutionNode = FALSE
	EndGlobalSection
	GlobalSection(ExtensibilityGlobals) = postSolution
		SolutionGuid = {6D4838A4-0392-452C-9970-17A79C9AEFEF}
	EndGlobalSection
EndGlobal
