
Microsoft Visual Studio Solution File, Format Version 12.00
# Visual Studio Version 17
VisualStudioVersion = 17.6.33927.249
MinimumVisualStudioVersion = 10.0.40219.1
Project("{FAE04EC0-301F-11D3-BF4B-00C04F79EFBC}") = "BookStore.User", "BookStore.User.csproj", "{EE9DD9B5-5762-404B-9D56-5917B15B77CD}"
EndProject
Global
	GlobalSection(SolutionConfigurationPlatforms) = preSolution
		Debug|Any CPU = Debug|Any CPU
		Release|Any CPU = Release|Any CPU
	EndGlobalSection
	GlobalSection(ProjectConfigurationPlatforms) = postSolution
		{EE9DD9B5-5762-404B-9D56-5917B15B77CD}.Debug|Any CPU.ActiveCfg = Debug|Any CPU
		{EE9DD9B5-5762-404B-9D56-5917B15B77CD}.Debug|Any CPU.Build.0 = Debug|Any CPU
		{EE9DD9B5-5762-404B-9D56-5917B15B77CD}.Release|Any CPU.ActiveCfg = Release|Any CPU
		{EE9DD9B5-5762-404B-9D56-5917B15B77CD}.Release|Any CPU.Build.0 = Release|Any CPU
	EndGlobalSection
	GlobalSection(SolutionProperties) = preSolution
		HideSolutionNode = FALSE
	EndGlobalSection
	GlobalSection(ExtensibilityGlobals) = postSolution
		SolutionGuid = {3DB4C0CB-DA0C-41D6-87EB-26474F43ED10}
	EndGlobalSection
EndGlobal
