
Microsoft Visual Studio Solution File, Format Version 12.00
# Visual Studio Version 17
VisualStudioVersion = 17.6.33927.249
MinimumVisualStudioVersion = 10.0.40219.1
Project("{FAE04EC0-301F-11D3-BF4B-00C04F79EFBC}") = "BookStore.Order", "BookStore.Order.csproj", "{6CF6C120-94E2-4B09-A8BC-FE1BBC111BB0}"
EndProject
Global
	GlobalSection(SolutionConfigurationPlatforms) = preSolution
		Debug|Any CPU = Debug|Any CPU
		Release|Any CPU = Release|Any CPU
	EndGlobalSection
	GlobalSection(ProjectConfigurationPlatforms) = postSolution
		{6CF6C120-94E2-4B09-A8BC-FE1BBC111BB0}.Debug|Any CPU.ActiveCfg = Debug|Any CPU
		{6CF6C120-94E2-4B09-A8BC-FE1BBC111BB0}.Debug|Any CPU.Build.0 = Debug|Any CPU
		{6CF6C120-94E2-4B09-A8BC-FE1BBC111BB0}.Release|Any CPU.ActiveCfg = Release|Any CPU
		{6CF6C120-94E2-4B09-A8BC-FE1BBC111BB0}.Release|Any CPU.Build.0 = Release|Any CPU
	EndGlobalSection
	GlobalSection(SolutionProperties) = preSolution
		HideSolutionNode = FALSE
	EndGlobalSection
	GlobalSection(ExtensibilityGlobals) = postSolution
		SolutionGuid = {C2C18E71-C97A-4C2F-BB8F-B5C20013C155}
	EndGlobalSection
EndGlobal
