
Microsoft Visual Studio Solution File, Format Version 12.00
# Visual Studio Version 17
VisualStudioVersion = 17.6.33927.249
MinimumVisualStudioVersion = 10.0.40219.1
Project("{FAE04EC0-301F-11D3-BF4B-00C04F79EFBC}") = "BookStore.Order", "BookStore.Order.csproj", "{1C453CEB-AACE-4489-8817-0E487E35549A}"
EndProject
Global
	GlobalSection(SolutionConfigurationPlatforms) = preSolution
		Debug|Any CPU = Debug|Any CPU
		Release|Any CPU = Release|Any CPU
	EndGlobalSection
	GlobalSection(ProjectConfigurationPlatforms) = postSolution
		{1C453CEB-AACE-4489-8817-0E487E35549A}.Debug|Any CPU.ActiveCfg = Debug|Any CPU
		{1C453CEB-AACE-4489-8817-0E487E35549A}.Debug|Any CPU.Build.0 = Debug|Any CPU
		{1C453CEB-AACE-4489-8817-0E487E35549A}.Release|Any CPU.ActiveCfg = Release|Any CPU
		{1C453CEB-AACE-4489-8817-0E487E35549A}.Release|Any CPU.Build.0 = Release|Any CPU
	EndGlobalSection
	GlobalSection(SolutionProperties) = preSolution
		HideSolutionNode = FALSE
	EndGlobalSection
	GlobalSection(ExtensibilityGlobals) = postSolution
		SolutionGuid = {DFE4C23F-0B06-431F-9C34-3F08FF9AE513}
	EndGlobalSection
EndGlobal
